
Microsoft Visual Studio Solution File, Format Version 12.00
# Visual Studio 14
VisualStudioVersion = 14.0.24720.0
MinimumVisualStudioVersion = 10.0.40219.1
Project("{FAE04EC0-301F-11D3-BF4B-00C04F79EFBC}") = "GearUp", "GearUp\GearUp.csproj", "{FF565F97-C65A-44D4-AE7B-17144C7EE762}"
EndProject
Global
	GlobalSection(SolutionConfigurationPlatforms) = preSolution
		Debug|Any CPU = Debug|Any CPU
		Release|Any CPU = Release|Any CPU
	EndGlobalSection
	GlobalSection(ProjectConfigurationPlatforms) = postSolution
		{FF565F97-C65A-44D4-AE7B-17144C7EE762}.Debug|Any CPU.ActiveCfg = Debug|Any CPU
		{FF565F97-C65A-44D4-AE7B-17144C7EE762}.Debug|Any CPU.Build.0 = Debug|Any CPU
		{FF565F97-C65A-44D4-AE7B-17144C7EE762}.Release|Any CPU.ActiveCfg = Release|Any CPU
		{FF565F97-C65A-44D4-AE7B-17144C7EE762}.Release|Any CPU.Build.0 = Release|Any CPU
	EndGlobalSection
	GlobalSection(SolutionProperties) = preSolution
		HideSolutionNode = FALSE
	EndGlobalSection
EndGlobal
